
Microsoft Visual Studio Solution File, Format Version 12.00
# Visual Studio 15
VisualStudioVersion = 15.0.27130.2020
MinimumVisualStudioVersion = 10.0.40219.1
Project("{FAE04EC0-301F-11D3-BF4B-00C04F79EFBC}") = "AutoMapper.GenericInjection", "AutoMapper.GenericInjection\AutoMapper.GenericInjection.csproj", "{AC992F43-6EDB-49C6-B468-9CF16CFCDE2C}"
EndProject
Global
	GlobalSection(SolutionConfigurationPlatforms) = preSolution
		Debug|Any CPU = Debug|Any CPU
		Release|Any CPU = Release|Any CPU
	EndGlobalSection
	GlobalSection(ProjectConfigurationPlatforms) = postSolution
		{AC992F43-6EDB-49C6-B468-9CF16CFCDE2C}.Debug|Any CPU.ActiveCfg = Debug|Any CPU
		{AC992F43-6EDB-49C6-B468-9CF16CFCDE2C}.Debug|Any CPU.Build.0 = Debug|Any CPU
		{AC992F43-6EDB-49C6-B468-9CF16CFCDE2C}.Release|Any CPU.ActiveCfg = Release|Any CPU
		{AC992F43-6EDB-49C6-B468-9CF16CFCDE2C}.Release|Any CPU.Build.0 = Release|Any CPU
	EndGlobalSection
	GlobalSection(SolutionProperties) = preSolution
		HideSolutionNode = FALSE
	EndGlobalSection
	GlobalSection(ExtensibilityGlobals) = postSolution
		SolutionGuid = {F15814D2-E775-497F-9ED9-3EB67C3211F1}
	EndGlobalSection
EndGlobal
